
Microsoft Visual Studio Solution File, Format Version 12.00
# Visual Studio 15
VisualStudioVersion = 15.0.28010.2026
MinimumVisualStudioVersion = 10.0.40219.1
Project("{FAE04EC0-301F-11D3-BF4B-00C04F79EFBC}") = "BugTrackerApp", "BugTrackerApp\BugTrackerApp.csproj", "{807A9B3B-7411-4B11-AB17-C5CEE817E274}"
EndProject
Global
	GlobalSection(SolutionConfigurationPlatforms) = preSolution
		Debug|Any CPU = Debug|Any CPU
		Release|Any CPU = Release|Any CPU
	EndGlobalSection
	GlobalSection(ProjectConfigurationPlatforms) = postSolution
		{807A9B3B-7411-4B11-AB17-C5CEE817E274}.Debug|Any CPU.ActiveCfg = Debug|Any CPU
		{807A9B3B-7411-4B11-AB17-C5CEE817E274}.Debug|Any CPU.Build.0 = Debug|Any CPU
		{807A9B3B-7411-4B11-AB17-C5CEE817E274}.Release|Any CPU.ActiveCfg = Release|Any CPU
		{807A9B3B-7411-4B11-AB17-C5CEE817E274}.Release|Any CPU.Build.0 = Release|Any CPU
	EndGlobalSection
	GlobalSection(SolutionProperties) = preSolution
		HideSolutionNode = FALSE
	EndGlobalSection
	GlobalSection(ExtensibilityGlobals) = postSolution
		SolutionGuid = {695BA653-BFB2-432E-974F-7285E21C2F1D}
	EndGlobalSection
EndGlobal
